{
  "lockfile_version": "1",
  "packages": {
    "gh@2.73.0": {
      "last_modified": "2025-05-19T23:16:24Z",
      "resolved": "github:NixOS/nixpkgs/359c442b7d1f6229c1dc978116d32d6c07fe8440#gh",
      "source": "devbox-search",
      "version": "2.73.0",
      "systems": {
        "aarch64-darwin": {
          "outputs": [
            {
              "name": "out",
              "path": "/nix/store/inxkf35rrzg4lpn2npgd948nhmhxmm8j-gh-2.73.0",
              "default": true
            }
          ],
          "store_path": "/nix/store/inxkf35rrzg4lpn2npgd948nhmhxmm8j-gh-2.73.0"
        },
        "aarch64-linux": {
          "outputs": [
            {
              "name": "out",
              "path": "/nix/store/2cz3xa8ird2alc3r3ls0y2gdh3r04ssm-gh-2.73.0",
              "default": true
            }
          ],
          "store_path": "/nix/store/2cz3xa8ird2alc3r3ls0y2gdh3r04ssm-gh-2.73.0"
        },
        "x86_64-darwin": {
          "outputs": [
            {
              "name": "out",
              "path": "/nix/store/2z3hpmxp4z8qwcqh0fn68603wizqzr19-gh-2.73.0",
              "default": true
            }
          ],
          "store_path": "/nix/store/2z3hpmxp4z8qwcqh0fn68603wizqzr19-gh-2.73.0"
        },
        "x86_64-linux": {
          "outputs": [
            {
              "name": "out",
              "path": "/nix/store/ldj4l6hdw3qyz93k3lrk22gw30hmj3ki-gh-2.73.0",
              "default": true
            }
          ],
          "store_path": "/nix/store/ldj4l6hdw3qyz93k3lrk22gw30hmj3ki-gh-2.73.0"
        }
      }
    },
    "github:NixOS/nixpkgs/nixpkgs-unstable": {
      "last_modified": "2025-06-02T09:36:13Z",
      "resolved": "github:NixOS/nixpkgs/e4b09e47ace7d87de083786b404bf232eb6c89d8?lastModified=1748856973&narHash=sha256-RlTsJUvvr8ErjPBsiwrGbbHYW8XbB%2Foek0Gi78XdWKg%3D"
    },
    "google-cloud-sdk@519.0.0": {
      "last_modified": "2025-05-16T20:19:48Z",
      "resolved": "github:NixOS/nixpkgs/12a55407652e04dcf2309436eb06fef0d3713ef3#google-cloud-sdk",
      "source": "devbox-search",
      "version": "519.0.0",
      "systems": {
        "aarch64-darwin": {
          "outputs": [
            {
              "name": "out",
              "path": "/nix/store/4xcvvzj8l7yqyy6y5jqz3b4hjdfkmcdn-google-cloud-sdk-519.0.0",
              "default": true
            }
          ],
          "store_path": "/nix/store/4xcvvzj8l7yqyy6y5jqz3b4hjdfkmcdn-google-cloud-sdk-519.0.0"
        },
        "aarch64-linux": {
          "outputs": [
            {
              "name": "out",
              "path": "/nix/store/n8sw91d27fn44rpqghclsdkz5hhlnap8-google-cloud-sdk-519.0.0",
              "default": true
            }
          ],
          "store_path": "/nix/store/n8sw91d27fn44rpqghclsdkz5hhlnap8-google-cloud-sdk-519.0.0"
        },
        "x86_64-darwin": {
          "outputs": [
            {
              "name": "out",
              "path": "/nix/store/g0xihzc90kaymzxj07yrwpj05xkq1p4k-google-cloud-sdk-519.0.0",
              "default": true
            }
          ],
          "store_path": "/nix/store/g0xihzc90kaymzxj07yrwpj05xkq1p4k-google-cloud-sdk-519.0.0"
        },
        "x86_64-linux": {
          "outputs": [
            {
              "name": "out",
              "path": "/nix/store/kd9329md95zg07y6b5q82lxrbnzlywkn-google-cloud-sdk-519.0.0",
              "default": true
            }
          ],
          "store_path": "/nix/store/kd9329md95zg07y6b5q82lxrbnzlywkn-google-cloud-sdk-519.0.0"
        }
      }
    },
    "gum@0.14.1": {
      "last_modified": "2024-07-07T16:08:25Z",
      "resolved": "github:NixOS/nixpkgs/ab82a9612aa45284d4adf69ee81871a389669a9e#gum",
      "source": "devbox-search",
      "version": "0.14.1",
      "systems": {
        "aarch64-darwin": {
          "outputs": [
            {
              "name": "out",
              "path": "/nix/store/hi946camicx98bv9y9nz6jx2fyxcc9kk-gum-0.14.1",
              "default": true
            }
          ],
          "store_path": "/nix/store/hi946camicx98bv9y9nz6jx2fyxcc9kk-gum-0.14.1"
        },
        "aarch64-linux": {
          "outputs": [
            {
              "name": "out",
              "path": "/nix/store/3z1lqas4yni9hzvx2kpbmd108fs7qr0r-gum-0.14.1",
              "default": true
            }
          ],
          "store_path": "/nix/store/3z1lqas4yni9hzvx2kpbmd108fs7qr0r-gum-0.14.1"
        },
        "x86_64-darwin": {
          "outputs": [
            {
              "name": "out",
              "path": "/nix/store/hxfw2r39malghnmrm20d23qvf3p1lwdg-gum-0.14.1",
              "default": true
            }
          ],
          "store_path": "/nix/store/hxfw2r39malghnmrm20d23qvf3p1lwdg-gum-0.14.1"
        },
        "x86_64-linux": {
          "outputs": [
            {
              "name": "out",
              "path": "/nix/store/js1fcw5brznb0lcw55l5b3ad4rwfj4mf-gum-0.14.1",
              "default": true
            }
          ],
          "store_path": "/nix/store/js1fcw5brznb0lcw55l5b3ad4rwfj4mf-gum-0.14.1"
        }
      }
    },
    "jq@1.7.1": {
      "last_modified": "2024-07-07T16:08:25Z",
      "resolved": "github:NixOS/nixpkgs/ab82a9612aa45284d4adf69ee81871a389669a9e#jq",
      "source": "devbox-search",
      "version": "1.7.1",
      "systems": {
        "aarch64-darwin": {
          "outputs": [
            {
              "name": "bin",
              "path": "/nix/store/5dsicv93i37c4rqr08r1zdj8dwpa63nj-jq-1.7.1-bin",
              "default": true
            },
            {
              "name": "man",
              "path": "/nix/store/jf3cf8rxhpc6l40sjcksarfk9nvnpmrw-jq-1.7.1-man",
              "default": true
            },
            {
              "name": "lib",
              "path": "/nix/store/wisxfshfsm2cg4raffilv38cgiqrlw45-jq-1.7.1-lib"
            },
            {
              "name": "out",
              "path": "/nix/store/5mzkysyi9h4bim5plq6d85zqiv3nb3bi-jq-1.7.1"
            },
            {
              "name": "dev",
              "path": "/nix/store/6ad6jxsm7478f0x8rq8rrdc4han7s80j-jq-1.7.1-dev"
            },
            {
              "name": "doc",
              "path": "/nix/store/bll94fwkzpm5sklfwj70848amgrjkrn0-jq-1.7.1-doc"
            }
          ],
          "store_path": "/nix/store/5dsicv93i37c4rqr08r1zdj8dwpa63nj-jq-1.7.1-bin"
        },
        "aarch64-linux": {
          "outputs": [
            {
              "name": "bin",
              "path": "/nix/store/9bm6a5hr2036bp03n7mvcj8qb7z6mcr0-jq-1.7.1-bin",
              "default": true
            },
            {
              "name": "man",
              "path": "/nix/store/hqck6h5n2av24gvs8fbq566v03fcmw17-jq-1.7.1-man",
              "default": true
            },
            {
              "name": "out",
              "path": "/nix/store/0sh7a753nby7r3849sz8gy4cbnkd45i4-jq-1.7.1"
            },
            {
              "name": "dev",
              "path": "/nix/store/h0v2snl3jji71maplpiyjnb4xblgf428-jq-1.7.1-dev"
            },
            {
              "name": "doc",
              "path": "/nix/store/w74r4zi5cy74qmmzziq0vkp5lr0vg95i-jq-1.7.1-doc"
            },
            {
              "name": "lib",
              "path": "/nix/store/gnansglnqy5s2yiy4p9nf07iid8y6hl1-jq-1.7.1-lib"
            }
          ],
          "store_path": "/nix/store/9bm6a5hr2036bp03n7mvcj8qb7z6mcr0-jq-1.7.1-bin"
        },
        "x86_64-darwin": {
          "outputs": [
            {
              "name": "bin",
              "path": "/nix/store/bcyvwrb0hl85gckd2f3rfl1ih69r5pwz-jq-1.7.1-bin",
              "default": true
            },
            {
              "name": "man",
              "path": "/nix/store/arsqld8fq5sg7lsy39g12xr1dim25afw-jq-1.7.1-man",
              "default": true
            },
            {
              "name": "dev",
              "path": "/nix/store/q1bqzh7ngrskmdcswx5i9fvxnl24qiaq-jq-1.7.1-dev"
            },
            {
              "name": "doc",
              "path": "/nix/store/mh4hdlh3qhbbq991rk5ab3903fai0nkc-jq-1.7.1-doc"
            },
            {
              "name": "lib",
              "path": "/nix/store/8pw8540dyhqc5mbmd2bd7ah2lxaaa01j-jq-1.7.1-lib"
            },
            {
              "name": "out",
              "path": "/nix/store/gbp8xd6x3cj7d1yd7cslnrfbjxvqzdls-jq-1.7.1"
            }
          ],
          "store_path": "/nix/store/bcyvwrb0hl85gckd2f3rfl1ih69r5pwz-jq-1.7.1-bin"
        },
        "x86_64-linux": {
          "outputs": [
            {
              "name": "bin",
              "path": "/nix/store/axpqa3f5l63mc38h11x1gc5cykw8bn5i-jq-1.7.1-bin",
              "default": true
            },
            {
              "name": "man",
              "path": "/nix/store/wfmw87vqkz2xifc9sb0gvnad1l73qk6v-jq-1.7.1-man",
              "default": true
            },
            {
              "name": "dev",
              "path": "/nix/store/nnawicd7asp8mn0gsp8j0gxd81y1jasr-jq-1.7.1-dev"
            },
            {
              "name": "doc",
              "path": "/nix/store/7nx4qp08rd6f92iw377lzrvdhpzslrvy-jq-1.7.1-doc"
            },
            {
              "name": "lib",
              "path": "/nix/store/133fxjd0mqf8x720c2a8cp9175ma0n9x-jq-1.7.1-lib"
            },
            {
              "name": "out",
              "path": "/nix/store/iw31k4crvrhmgykdxy0dyz632h2jhzkz-jq-1.7.1"
            }
          ],
          "store_path": "/nix/store/axpqa3f5l63mc38h11x1gc5cykw8bn5i-jq-1.7.1-bin"
        }
      }
    },
    "kind@0.27.0": {
      "last_modified": "2025-05-16T20:19:48Z",
      "resolved": "github:NixOS/nixpkgs/12a55407652e04dcf2309436eb06fef0d3713ef3#kind",
      "source": "devbox-search",
      "version": "0.27.0",
      "systems": {
        "aarch64-darwin": {
          "outputs": [
            {
              "name": "out",
              "path": "/nix/store/hxi2yz0v53i2vdjgrpiiw5f1l1xrn8ra-kind-0.27.0",
              "default": true
            }
          ],
          "store_path": "/nix/store/hxi2yz0v53i2vdjgrpiiw5f1l1xrn8ra-kind-0.27.0"
        },
        "aarch64-linux": {
          "outputs": [
            {
              "name": "out",
              "path": "/nix/store/0sa4hv12sq8q3m73g2kdav18yb0jbnmm-kind-0.27.0",
              "default": true
            }
          ],
          "store_path": "/nix/store/0sa4hv12sq8q3m73g2kdav18yb0jbnmm-kind-0.27.0"
        },
        "x86_64-darwin": {
          "outputs": [
            {
              "name": "out",
              "path": "/nix/store/dkm6ibjbk5ra51cvr637iy2gfcrlbqp0-kind-0.27.0",
              "default": true
            }
          ],
          "store_path": "/nix/store/dkm6ibjbk5ra51cvr637iy2gfcrlbqp0-kind-0.27.0"
        },
        "x86_64-linux": {
          "outputs": [
            {
              "name": "out",
              "path": "/nix/store/1f4qk0ga3550d8w4lvqvrf5jrjz59kdy-kind-0.27.0",
              "default": true
            }
          ],
          "store_path": "/nix/store/1f4qk0ga3550d8w4lvqvrf5jrjz59kdy-kind-0.27.0"
        }
      }
    },
    "kubectl@1.33.1": {
      "last_modified": "2025-05-24T21:46:02Z",
      "resolved": "github:NixOS/nixpkgs/edb3633f9100d9277d1c9af245a4e9337a980c07#kubectl",
      "source": "devbox-search",
      "version": "1.33.1",
      "systems": {
        "aarch64-darwin": {
          "outputs": [
            {
              "name": "out",
              "path": "/nix/store/vcq5gsn9rp26xbz14b5b2fd8map8qnvj-kubectl-1.33.1",
              "default": true
            },
            {
              "name": "man",
              "path": "/nix/store/20v8bx884m4i34zdkksdq5qpkm966m65-kubectl-1.33.1-man",
              "default": true
            },
            {
              "name": "convert",
              "path": "/nix/store/cjm9i86w7is18g3cpsgfc0c3jmsnp0s8-kubectl-1.33.1-convert"
            }
          ],
          "store_path": "/nix/store/vcq5gsn9rp26xbz14b5b2fd8map8qnvj-kubectl-1.33.1"
        },
        "aarch64-linux": {
          "outputs": [
            {
              "name": "out",
              "path": "/nix/store/m8406nxn25y7a80jxq6mdk70p1xl8xrc-kubectl-1.33.1",
              "default": true
            },
            {
              "name": "man",
              "path": "/nix/store/gy8hdpwiqcy35zp0a9imbv4fqqy3cwn8-kubectl-1.33.1-man",
              "default": true
            },
            {
              "name": "convert",
              "path": "/nix/store/kh7b55lvpwfrdfbq3qrzcj9qjanfqn7c-kubectl-1.33.1-convert"
            }
          ],
          "store_path": "/nix/store/m8406nxn25y7a80jxq6mdk70p1xl8xrc-kubectl-1.33.1"
        },
        "x86_64-darwin": {
          "outputs": [
            {
              "name": "out",
              "path": "/nix/store/g8r4y54jpdyrvnrbhqyg60sr1wpqx0ff-kubectl-1.33.1",
              "default": true
            },
            {
              "name": "man",
              "path": "/nix/store/0n7ik9w8sjrhanv7yb1ijhwyawx7xcz2-kubectl-1.33.1-man",
              "default": true
            },
            {
              "name": "convert",
              "path": "/nix/store/fdpw2205wf6qq7h271nzbhxdmx561vq0-kubectl-1.33.1-convert"
            }
          ],
          "store_path": "/nix/store/g8r4y54jpdyrvnrbhqyg60sr1wpqx0ff-kubectl-1.33.1"
        },
        "x86_64-linux": {
          "outputs": [
            {
              "name": "out",
              "path": "/nix/store/lrfm3r4z5iqyn5fqf085bdyp7b5ghhdr-kubectl-1.33.1",
              "default": true
            },
            {
              "name": "man",
              "path": "/nix/store/hhank6pxbzwzm6b6gphpc1rj2jjdpmmk-kubectl-1.33.1-man",
              "default": true
            },
            {
              "name": "convert",
              "path": "/nix/store/yqlm8fmchxsxzica482r16sfm8x84hck-kubectl-1.33.1-convert"
            }
          ],
          "store_path": "/nix/store/lrfm3r4z5iqyn5fqf085bdyp7b5ghhdr-kubectl-1.33.1"
        }
      }
    },
    "novops@0.19.0": {
      "last_modified": "2025-05-16T20:19:48Z",
      "resolved": "github:NixOS/nixpkgs/12a55407652e04dcf2309436eb06fef0d3713ef3#novops",
      "source": "devbox-search",
      "version": "0.19.0",
      "systems": {
        "aarch64-darwin": {
          "outputs": [
            {
              "name": "out",
              "path": "/nix/store/phfd3dzdh0lgd0q95qaz99njh4sf5j06-novops-0.19.0",
              "default": true
            }
          ],
          "store_path": "/nix/store/phfd3dzdh0lgd0q95qaz99njh4sf5j06-novops-0.19.0"
        },
        "aarch64-linux": {
          "outputs": [
            {
              "name": "out",
              "path": "/nix/store/1ij10qx571anza6bjahyxmlymzjdz551-novops-0.19.0",
              "default": true
            }
          ],
          "store_path": "/nix/store/1ij10qx571anza6bjahyxmlymzjdz551-novops-0.19.0"
        },
        "x86_64-darwin": {
          "outputs": [
            {
              "name": "out",
              "path": "/nix/store/0mvj3zqz951rjmm9f3czx6dyc608404h-novops-0.19.0",
              "default": true
            }
          ],
          "store_path": "/nix/store/0mvj3zqz951rjmm9f3czx6dyc608404h-novops-0.19.0"
        },
        "x86_64-linux": {
          "outputs": [
            {
              "name": "out",
              "path": "/nix/store/3g90zd338548d1bg9ldw0yfb8crqsl9w-novops-0.19.0",
              "default": true
            }
          ],
          "store_path": "/nix/store/3g90zd338548d1bg9ldw0yfb8crqsl9w-novops-0.19.0"
        }
      }
    },
    "nushell@0.104.0": {
      "last_modified": "2025-05-16T20:19:48Z",
      "resolved": "github:NixOS/nixpkgs/12a55407652e04dcf2309436eb06fef0d3713ef3#nushell",
      "source": "devbox-search",
      "version": "0.104.0",
      "systems": {
        "aarch64-darwin": {
          "outputs": [
            {
              "name": "out",
              "path": "/nix/store/4n5adksh17xrf5p4knpslv9004njzxgh-nushell-0.104.0",
              "default": true
            }
          ],
          "store_path": "/nix/store/4n5adksh17xrf5p4knpslv9004njzxgh-nushell-0.104.0"
        },
        "aarch64-linux": {
          "outputs": [
            {
              "name": "out",
              "path": "/nix/store/f1q5bvlgv5si530fpz9mky4sdmmcm9vl-nushell-0.104.0",
              "default": true
            }
          ],
          "store_path": "/nix/store/f1q5bvlgv5si530fpz9mky4sdmmcm9vl-nushell-0.104.0"
        },
        "x86_64-darwin": {
          "outputs": [
            {
              "name": "out",
              "path": "/nix/store/29sngawmfygz9vvgbmrch8kfiip753yx-nushell-0.104.0",
              "default": true
            }
          ],
          "store_path": "/nix/store/29sngawmfygz9vvgbmrch8kfiip753yx-nushell-0.104.0"
        },
        "x86_64-linux": {
          "outputs": [
            {
              "name": "out",
              "path": "/nix/store/ywp33ksgp2v32g0dwril2ds1rlri1kp8-nushell-0.104.0",
              "default": true
            }
          ],
          "store_path": "/nix/store/ywp33ksgp2v32g0dwril2ds1rlri1kp8-nushell-0.104.0"
        }
      }
    },
    "stow@2.4.1": {
      "last_modified": "2025-05-16T20:19:48Z",
      "resolved": "github:NixOS/nixpkgs/12a55407652e04dcf2309436eb06fef0d3713ef3#stow",
      "source": "devbox-search",
      "version": "2.4.1",
      "systems": {
        "aarch64-darwin": {
          "outputs": [
            {
              "name": "out",
              "path": "/nix/store/ygm0ry4vlz9m5riwv493v4s9c5rvdf03-stow-2.4.1",
              "default": true
            }
          ],
          "store_path": "/nix/store/ygm0ry4vlz9m5riwv493v4s9c5rvdf03-stow-2.4.1"
        },
        "aarch64-linux": {
          "outputs": [
            {
              "name": "out",
              "path": "/nix/store/3d95660rrhj171vzck5l3yc8wz2rp462-stow-2.4.1",
              "default": true
            }
          ],
          "store_path": "/nix/store/3d95660rrhj171vzck5l3yc8wz2rp462-stow-2.4.1"
        },
        "x86_64-darwin": {
          "outputs": [
            {
              "name": "out",
              "path": "/nix/store/0y4ihaxykwfi1cg9wsxfvikazbfkz9gx-stow-2.4.1",
              "default": true
            }
          ],
          "store_path": "/nix/store/0y4ihaxykwfi1cg9wsxfvikazbfkz9gx-stow-2.4.1"
        },
        "x86_64-linux": {
          "outputs": [
            {
              "name": "out",
              "path": "/nix/store/ga0rjvh6rfij9gi8ras0q47m5j2s3nw2-stow-2.4.1",
              "default": true
            }
          ],
          "store_path": "/nix/store/ga0rjvh6rfij9gi8ras0q47m5j2s3nw2-stow-2.4.1"
        }
      }
    },
    "teller@2.0.7": {
      "last_modified": "2025-05-16T20:19:48Z",
      "resolved": "github:NixOS/nixpkgs/12a55407652e04dcf2309436eb06fef0d3713ef3#teller",
      "source": "devbox-search",
      "version": "2.0.7",
      "systems": {
        "aarch64-darwin": {
          "outputs": [
            {
              "name": "out",
              "path": "/nix/store/lp91rk4syrb1ws2kxwycirqf9padbal2-teller-2.0.7",
              "default": true
            }
          ],
          "store_path": "/nix/store/lp91rk4syrb1ws2kxwycirqf9padbal2-teller-2.0.7"
        },
        "aarch64-linux": {
          "outputs": [
            {
              "name": "out",
              "path": "/nix/store/4jn1fc84ghj6593ch1d873c151gjlh9g-teller-2.0.7",
              "default": true
            }
          ],
          "store_path": "/nix/store/4jn1fc84ghj6593ch1d873c151gjlh9g-teller-2.0.7"
        },
        "x86_64-darwin": {
          "outputs": [
            {
              "name": "out",
              "path": "/nix/store/xfh7zqrqh3sb241kfa68b0i6y17wdv2l-teller-2.0.7",
              "default": true
            }
          ],
          "store_path": "/nix/store/xfh7zqrqh3sb241kfa68b0i6y17wdv2l-teller-2.0.7"
        },
        "x86_64-linux": {
          "outputs": [
            {
              "name": "out",
              "path": "/nix/store/7n9kb8mazr5blc3da1wd8xghx3ckrd2s-teller-2.0.7",
              "default": true
            }
          ],
          "store_path": "/nix/store/7n9kb8mazr5blc3da1wd8xghx3ckrd2s-teller-2.0.7"
        }
      }
    },
    "yq-go@4.45.4": {
      "last_modified": "2025-05-16T20:19:48Z",
      "resolved": "github:NixOS/nixpkgs/12a55407652e04dcf2309436eb06fef0d3713ef3#yq-go",
      "source": "devbox-search",
      "version": "4.45.4",
      "systems": {
        "aarch64-darwin": {
          "outputs": [
            {
              "name": "out",
              "path": "/nix/store/g96y9nqsb1icgna225hbdir827mik8v5-yq-go-4.45.4",
              "default": true
            }
          ],
          "store_path": "/nix/store/g96y9nqsb1icgna225hbdir827mik8v5-yq-go-4.45.4"
        },
        "aarch64-linux": {
          "outputs": [
            {
              "name": "out",
              "path": "/nix/store/l6k9y7s4wl8ymcgyk84nhgjnziamy1jz-yq-go-4.45.4",
              "default": true
            }
          ],
          "store_path": "/nix/store/l6k9y7s4wl8ymcgyk84nhgjnziamy1jz-yq-go-4.45.4"
        },
        "x86_64-darwin": {
          "outputs": [
            {
              "name": "out",
              "path": "/nix/store/7xlp5q6f6lxinx31pccrfz6j8s4pmf1c-yq-go-4.45.4",
              "default": true
            }
          ],
          "store_path": "/nix/store/7xlp5q6f6lxinx31pccrfz6j8s4pmf1c-yq-go-4.45.4"
        },
        "x86_64-linux": {
          "outputs": [
            {
              "name": "out",
              "path": "/nix/store/kflpx5ihql91daz6qmgp6bg477aip48z-yq-go-4.45.4",
              "default": true
            }
          ],
          "store_path": "/nix/store/kflpx5ihql91daz6qmgp6bg477aip48z-yq-go-4.45.4"
        }
      }
    }
  }
}
